
Microsoft Visual Studio Solution File, Format Version 12.00
# Visual Studio 14
VisualStudioVersion = 14.0.25420.1
MinimumVisualStudioVersion = 10.0.40219.1
Project("{FAE04EC0-301F-11D3-BF4B-00C04F79EFBC}") = "phuotpls", "phuotpls\phuotpls.csproj", "{88C60E74-B9B1-44FF-99D8-359A8EF6EDFF}"
EndProject
Project("{FAE04EC0-301F-11D3-BF4B-00C04F79EFBC}") = "PhuotApi", "PhuotApi\PhuotApi.csproj", "{F150EEC4-EB90-48B1-A201-242AB80E8A24}"
EndProject
Project("{2150E333-8FDC-42A3-9474-1A3956D46DE8}") = "[1] API", "[1] API", "{D4E54C3C-A6A4-406D-B224-E4FEE6F36525}"
EndProject
Project("{2150E333-8FDC-42A3-9474-1A3956D46DE8}") = "[2] Frontend-Test", "[2] Frontend-Test", "{9B7BB945-FE2E-4A15-A482-4A582E191188}"
EndProject
Project("{2150E333-8FDC-42A3-9474-1A3956D46DE8}") = "[3] Frontend-mvvmcross", "[3] Frontend-mvvmcross", "{8348D27D-296B-4311-8BD5-345D10A5B84F}"
EndProject
Project("{FAE04EC0-301F-11D3-BF4B-00C04F79EFBC}") = "Phuot.Core", "Phuot.Core\Phuot.Core.csproj", "{5C196EF0-0194-4AE7-B1DB-1D377AC8AB29}"
EndProject
Project("{FAE04EC0-301F-11D3-BF4B-00C04F79EFBC}") = "Phuot.Droid", "Phuot.Droid\Phuot.Droid.csproj", "{12437F1F-2C22-4057-91DC-55C2FDA0E5C4}"
EndProject
Project("{FAE04EC0-301F-11D3-BF4B-00C04F79EFBC}") = "Phuot.iOS", "Phuot.iOS\Phuot.iOS.csproj", "{A509F8C6-A714-41FE-B4B3-EF977F0F6317}"
EndProject
Project("{FAE04EC0-301F-11D3-BF4B-00C04F79EFBC}") = "Phuot.Universal", "Phuot.Universal\Phuot.Universal.csproj", "{1A83252C-390A-4CA6-9B10-483C1F47B2DA}"
EndProject
Project("{2150E333-8FDC-42A3-9474-1A3956D46DE8}") = "Test-Project", "Test-Project", "{82C29436-8823-4A51-82DC-A79D04F3A552}"
EndProject
Project("{2150E333-8FDC-42A3-9474-1A3956D46DE8}") = "Core-Project", "Core-Project", "{8253EF08-5E0D-4CC3-A5DF-C82C98F23CB2}"
EndProject
Project("{2150E333-8FDC-42A3-9474-1A3956D46DE8}") = "Frond-End Mobile", "Frond-End Mobile", "{0E0CCE7D-A927-410F-AE50-EB724338DB53}"
EndProject
Project("{FAE04EC0-301F-11D3-BF4B-00C04F79EFBC}") = "Phuot.UnitTest", "Phuot.UnitTest\Phuot.UnitTest.csproj", "{9C42D0A7-B10D-4BC4-8CD1-6645379168EC}"
EndProject
Global
	GlobalSection(SolutionConfigurationPlatforms) = preSolution
		Ad-Hoc|Any CPU = Ad-Hoc|Any CPU
		Ad-Hoc|ARM = Ad-Hoc|ARM
		Ad-Hoc|iPhone = Ad-Hoc|iPhone
		Ad-Hoc|iPhoneSimulator = Ad-Hoc|iPhoneSimulator
		Ad-Hoc|x64 = Ad-Hoc|x64
		Ad-Hoc|x86 = Ad-Hoc|x86
		AppStore|Any CPU = AppStore|Any CPU
		AppStore|ARM = AppStore|ARM
		AppStore|iPhone = AppStore|iPhone
		AppStore|iPhoneSimulator = AppStore|iPhoneSimulator
		AppStore|x64 = AppStore|x64
		AppStore|x86 = AppStore|x86
		Debug|Any CPU = Debug|Any CPU
		Debug|ARM = Debug|ARM
		Debug|iPhone = Debug|iPhone
		Debug|iPhoneSimulator = Debug|iPhoneSimulator
		Debug|x64 = Debug|x64
		Debug|x86 = Debug|x86
		Release|Any CPU = Release|Any CPU
		Release|ARM = Release|ARM
		Release|iPhone = Release|iPhone
		Release|iPhoneSimulator = Release|iPhoneSimulator
		Release|x64 = Release|x64
		Release|x86 = Release|x86
	EndGlobalSection
	GlobalSection(ProjectConfigurationPlatforms) = postSolution
		{88C60E74-B9B1-44FF-99D8-359A8EF6EDFF}.Ad-Hoc|Any CPU.ActiveCfg = Release|x64
		{88C60E74-B9B1-44FF-99D8-359A8EF6EDFF}.Ad-Hoc|Any CPU.Build.0 = Release|x64
		{88C60E74-B9B1-44FF-99D8-359A8EF6EDFF}.Ad-Hoc|Any CPU.Deploy.0 = Release|x64
		{88C60E74-B9B1-44FF-99D8-359A8EF6EDFF}.Ad-Hoc|ARM.ActiveCfg = Release|ARM
		{88C60E74-B9B1-44FF-99D8-359A8EF6EDFF}.Ad-Hoc|ARM.Build.0 = Release|ARM
		{88C60E74-B9B1-44FF-99D8-359A8EF6EDFF}.Ad-Hoc|ARM.Deploy.0 = Release|ARM
		{88C60E74-B9B1-44FF-99D8-359A8EF6EDFF}.Ad-Hoc|iPhone.ActiveCfg = Release|x64
		{88C60E74-B9B1-44FF-99D8-359A8EF6EDFF}.Ad-Hoc|iPhone.Build.0 = Release|x64
		{88C60E74-B9B1-44FF-99D8-359A8EF6EDFF}.Ad-Hoc|iPhone.Deploy.0 = Release|x64
		{88C60E74-B9B1-44FF-99D8-359A8EF6EDFF}.Ad-Hoc|iPhoneSimulator.ActiveCfg = Release|x64
		{88C60E74-B9B1-44FF-99D8-359A8EF6EDFF}.Ad-Hoc|iPhoneSimulator.Build.0 = Release|x64
		{88C60E74-B9B1-44FF-99D8-359A8EF6EDFF}.Ad-Hoc|iPhoneSimulator.Deploy.0 = Release|x64
		{88C60E74-B9B1-44FF-99D8-359A8EF6EDFF}.Ad-Hoc|x64.ActiveCfg = Release|x64
		{88C60E74-B9B1-44FF-99D8-359A8EF6EDFF}.Ad-Hoc|x64.Build.0 = Release|x64
		{88C60E74-B9B1-44FF-99D8-359A8EF6EDFF}.Ad-Hoc|x64.Deploy.0 = Release|x64
		{88C60E74-B9B1-44FF-99D8-359A8EF6EDFF}.Ad-Hoc|x86.ActiveCfg = Release|x86
		{88C60E74-B9B1-44FF-99D8-359A8EF6EDFF}.Ad-Hoc|x86.Build.0 = Release|x86
		{88C60E74-B9B1-44FF-99D8-359A8EF6EDFF}.Ad-Hoc|x86.Deploy.0 = Release|x86
		{88C60E74-B9B1-44FF-99D8-359A8EF6EDFF}.AppStore|Any CPU.ActiveCfg = Release|x64
		{88C60E74-B9B1-44FF-99D8-359A8EF6EDFF}.AppStore|Any CPU.Build.0 = Release|x64
		{88C60E74-B9B1-44FF-99D8-359A8EF6EDFF}.AppStore|Any CPU.Deploy.0 = Release|x64
		{88C60E74-B9B1-44FF-99D8-359A8EF6EDFF}.AppStore|ARM.ActiveCfg = Release|ARM
		{88C60E74-B9B1-44FF-99D8-359A8EF6EDFF}.AppStore|ARM.Build.0 = Release|ARM
		{88C60E74-B9B1-44FF-99D8-359A8EF6EDFF}.AppStore|ARM.Deploy.0 = Release|ARM
		{88C60E74-B9B1-44FF-99D8-359A8EF6EDFF}.AppStore|iPhone.ActiveCfg = Release|x64
		{88C60E74-B9B1-44FF-99D8-359A8EF6EDFF}.AppStore|iPhone.Build.0 = Release|x64
		{88C60E74-B9B1-44FF-99D8-359A8EF6EDFF}.AppStore|iPhone.Deploy.0 = Release|x64
		{88C60E74-B9B1-44FF-99D8-359A8EF6EDFF}.AppStore|iPhoneSimulator.ActiveCfg = Release|x64
		{88C60E74-B9B1-44FF-99D8-359A8EF6EDFF}.AppStore|iPhoneSimulator.Build.0 = Release|x64
		{88C60E74-B9B1-44FF-99D8-359A8EF6EDFF}.AppStore|iPhoneSimulator.Deploy.0 = Release|x64
		{88C60E74-B9B1-44FF-99D8-359A8EF6EDFF}.AppStore|x64.ActiveCfg = Release|x64
		{88C60E74-B9B1-44FF-99D8-359A8EF6EDFF}.AppStore|x64.Build.0 = Release|x64
		{88C60E74-B9B1-44FF-99D8-359A8EF6EDFF}.AppStore|x64.Deploy.0 = Release|x64
		{88C60E74-B9B1-44FF-99D8-359A8EF6EDFF}.AppStore|x86.ActiveCfg = Release|x86
		{88C60E74-B9B1-44FF-99D8-359A8EF6EDFF}.AppStore|x86.Build.0 = Release|x86
		{88C60E74-B9B1-44FF-99D8-359A8EF6EDFF}.AppStore|x86.Deploy.0 = Release|x86
		{88C60E74-B9B1-44FF-99D8-359A8EF6EDFF}.Debug|Any CPU.ActiveCfg = Debug|x86
		{88C60E74-B9B1-44FF-99D8-359A8EF6EDFF}.Debug|ARM.ActiveCfg = Debug|ARM
		{88C60E74-B9B1-44FF-99D8-359A8EF6EDFF}.Debug|ARM.Build.0 = Debug|ARM
		{88C60E74-B9B1-44FF-99D8-359A8EF6EDFF}.Debug|ARM.Deploy.0 = Debug|ARM
		{88C60E74-B9B1-44FF-99D8-359A8EF6EDFF}.Debug|iPhone.ActiveCfg = Debug|x86
		{88C60E74-B9B1-44FF-99D8-359A8EF6EDFF}.Debug|iPhoneSimulator.ActiveCfg = Debug|x86
		{88C60E74-B9B1-44FF-99D8-359A8EF6EDFF}.Debug|x64.ActiveCfg = Debug|x64
		{88C60E74-B9B1-44FF-99D8-359A8EF6EDFF}.Debug|x64.Build.0 = Debug|x64
		{88C60E74-B9B1-44FF-99D8-359A8EF6EDFF}.Debug|x64.Deploy.0 = Debug|x64
		{88C60E74-B9B1-44FF-99D8-359A8EF6EDFF}.Debug|x86.ActiveCfg = Debug|x86
		{88C60E74-B9B1-44FF-99D8-359A8EF6EDFF}.Debug|x86.Build.0 = Debug|x86
		{88C60E74-B9B1-44FF-99D8-359A8EF6EDFF}.Debug|x86.Deploy.0 = Debug|x86
		{88C60E74-B9B1-44FF-99D8-359A8EF6EDFF}.Release|Any CPU.ActiveCfg = Release|x86
		{88C60E74-B9B1-44FF-99D8-359A8EF6EDFF}.Release|ARM.ActiveCfg = Release|ARM
		{88C60E74-B9B1-44FF-99D8-359A8EF6EDFF}.Release|ARM.Build.0 = Release|ARM
		{88C60E74-B9B1-44FF-99D8-359A8EF6EDFF}.Release|ARM.Deploy.0 = Release|ARM
		{88C60E74-B9B1-44FF-99D8-359A8EF6EDFF}.Release|iPhone.ActiveCfg = Release|x86
		{88C60E74-B9B1-44FF-99D8-359A8EF6EDFF}.Release|iPhoneSimulator.ActiveCfg = Release|x86
		{88C60E74-B9B1-44FF-99D8-359A8EF6EDFF}.Release|x64.ActiveCfg = Release|x64
		{88C60E74-B9B1-44FF-99D8-359A8EF6EDFF}.Release|x64.Build.0 = Release|x64
		{88C60E74-B9B1-44FF-99D8-359A8EF6EDFF}.Release|x64.Deploy.0 = Release|x64
		{88C60E74-B9B1-44FF-99D8-359A8EF6EDFF}.Release|x86.ActiveCfg = Release|x86
		{88C60E74-B9B1-44FF-99D8-359A8EF6EDFF}.Release|x86.Build.0 = Release|x86
		{88C60E74-B9B1-44FF-99D8-359A8EF6EDFF}.Release|x86.Deploy.0 = Release|x86
		{F150EEC4-EB90-48B1-A201-242AB80E8A24}.Ad-Hoc|Any CPU.ActiveCfg = Release|Any CPU
		{F150EEC4-EB90-48B1-A201-242AB80E8A24}.Ad-Hoc|Any CPU.Build.0 = Release|Any CPU
		{F150EEC4-EB90-48B1-A201-242AB80E8A24}.Ad-Hoc|ARM.ActiveCfg = Release|Any CPU
		{F150EEC4-EB90-48B1-A201-242AB80E8A24}.Ad-Hoc|ARM.Build.0 = Release|Any CPU
		{F150EEC4-EB90-48B1-A201-242AB80E8A24}.Ad-Hoc|iPhone.ActiveCfg = Release|Any CPU
		{F150EEC4-EB90-48B1-A201-242AB80E8A24}.Ad-Hoc|iPhone.Build.0 = Release|Any CPU
		{F150EEC4-EB90-48B1-A201-242AB80E8A24}.Ad-Hoc|iPhoneSimulator.ActiveCfg = Release|Any CPU
		{F150EEC4-EB90-48B1-A201-242AB80E8A24}.Ad-Hoc|iPhoneSimulator.Build.0 = Release|Any CPU
		{F150EEC4-EB90-48B1-A201-242AB80E8A24}.Ad-Hoc|x64.ActiveCfg = Release|Any CPU
		{F150EEC4-EB90-48B1-A201-242AB80E8A24}.Ad-Hoc|x64.Build.0 = Release|Any CPU
		{F150EEC4-EB90-48B1-A201-242AB80E8A24}.Ad-Hoc|x86.ActiveCfg = Release|Any CPU
		{F150EEC4-EB90-48B1-A201-242AB80E8A24}.Ad-Hoc|x86.Build.0 = Release|Any CPU
		{F150EEC4-EB90-48B1-A201-242AB80E8A24}.AppStore|Any CPU.ActiveCfg = Release|Any CPU
		{F150EEC4-EB90-48B1-A201-242AB80E8A24}.AppStore|Any CPU.Build.0 = Release|Any CPU
		{F150EEC4-EB90-48B1-A201-242AB80E8A24}.AppStore|ARM.ActiveCfg = Release|Any CPU
		{F150EEC4-EB90-48B1-A201-242AB80E8A24}.AppStore|ARM.Build.0 = Release|Any CPU
		{F150EEC4-EB90-48B1-A201-242AB80E8A24}.AppStore|iPhone.ActiveCfg = Release|Any CPU
		{F150EEC4-EB90-48B1-A201-242AB80E8A24}.AppStore|iPhone.Build.0 = Release|Any CPU
		{F150EEC4-EB90-48B1-A201-242AB80E8A24}.AppStore|iPhoneSimulator.ActiveCfg = Release|Any CPU
		{F150EEC4-EB90-48B1-A201-242AB80E8A24}.AppStore|iPhoneSimulator.Build.0 = Release|Any CPU
		{F150EEC4-EB90-48B1-A201-242AB80E8A24}.AppStore|x64.ActiveCfg = Release|Any CPU
		{F150EEC4-EB90-48B1-A201-242AB80E8A24}.AppStore|x64.Build.0 = Release|Any CPU
		{F150EEC4-EB90-48B1-A201-242AB80E8A24}.AppStore|x86.ActiveCfg = Release|Any CPU
		{F150EEC4-EB90-48B1-A201-242AB80E8A24}.AppStore|x86.Build.0 = Release|Any CPU
		{F150EEC4-EB90-48B1-A201-242AB80E8A24}.Debug|Any CPU.ActiveCfg = Debug|Any CPU
		{F150EEC4-EB90-48B1-A201-242AB80E8A24}.Debug|Any CPU.Build.0 = Debug|Any CPU
		{F150EEC4-EB90-48B1-A201-242AB80E8A24}.Debug|ARM.ActiveCfg = Debug|Any CPU
		{F150EEC4-EB90-48B1-A201-242AB80E8A24}.Debug|ARM.Build.0 = Debug|Any CPU
		{F150EEC4-EB90-48B1-A201-242AB80E8A24}.Debug|iPhone.ActiveCfg = Debug|Any CPU
		{F150EEC4-EB90-48B1-A201-242AB80E8A24}.Debug|iPhone.Build.0 = Debug|Any CPU
		{F150EEC4-EB90-48B1-A201-242AB80E8A24}.Debug|iPhoneSimulator.ActiveCfg = Debug|Any CPU
		{F150EEC4-EB90-48B1-A201-242AB80E8A24}.Debug|iPhoneSimulator.Build.0 = Debug|Any CPU
		{F150EEC4-EB90-48B1-A201-242AB80E8A24}.Debug|x64.ActiveCfg = Debug|Any CPU
		{F150EEC4-EB90-48B1-A201-242AB80E8A24}.Debug|x64.Build.0 = Debug|Any CPU
		{F150EEC4-EB90-48B1-A201-242AB80E8A24}.Debug|x86.ActiveCfg = Debug|Any CPU
		{F150EEC4-EB90-48B1-A201-242AB80E8A24}.Debug|x86.Build.0 = Debug|Any CPU
		{F150EEC4-EB90-48B1-A201-242AB80E8A24}.Release|Any CPU.ActiveCfg = Release|Any CPU
		{F150EEC4-EB90-48B1-A201-242AB80E8A24}.Release|Any CPU.Build.0 = Release|Any CPU
		{F150EEC4-EB90-48B1-A201-242AB80E8A24}.Release|ARM.ActiveCfg = Release|Any CPU
		{F150EEC4-EB90-48B1-A201-242AB80E8A24}.Release|ARM.Build.0 = Release|Any CPU
		{F150EEC4-EB90-48B1-A201-242AB80E8A24}.Release|iPhone.ActiveCfg = Release|Any CPU
		{F150EEC4-EB90-48B1-A201-242AB80E8A24}.Release|iPhone.Build.0 = Release|Any CPU
		{F150EEC4-EB90-48B1-A201-242AB80E8A24}.Release|iPhoneSimulator.ActiveCfg = Release|Any CPU
		{F150EEC4-EB90-48B1-A201-242AB80E8A24}.Release|iPhoneSimulator.Build.0 = Release|Any CPU
		{F150EEC4-EB90-48B1-A201-242AB80E8A24}.Release|x64.ActiveCfg = Release|Any CPU
		{F150EEC4-EB90-48B1-A201-242AB80E8A24}.Release|x64.Build.0 = Release|Any CPU
		{F150EEC4-EB90-48B1-A201-242AB80E8A24}.Release|x86.ActiveCfg = Release|Any CPU
		{F150EEC4-EB90-48B1-A201-242AB80E8A24}.Release|x86.Build.0 = Release|Any CPU
		{5C196EF0-0194-4AE7-B1DB-1D377AC8AB29}.Ad-Hoc|Any CPU.ActiveCfg = Release|Any CPU
		{5C196EF0-0194-4AE7-B1DB-1D377AC8AB29}.Ad-Hoc|Any CPU.Build.0 = Release|Any CPU
		{5C196EF0-0194-4AE7-B1DB-1D377AC8AB29}.Ad-Hoc|ARM.ActiveCfg = Release|Any CPU
		{5C196EF0-0194-4AE7-B1DB-1D377AC8AB29}.Ad-Hoc|ARM.Build.0 = Release|Any CPU
		{5C196EF0-0194-4AE7-B1DB-1D377AC8AB29}.Ad-Hoc|iPhone.ActiveCfg = Release|Any CPU
		{5C196EF0-0194-4AE7-B1DB-1D377AC8AB29}.Ad-Hoc|iPhone.Build.0 = Release|Any CPU
		{5C196EF0-0194-4AE7-B1DB-1D377AC8AB29}.Ad-Hoc|iPhoneSimulator.ActiveCfg = Release|Any CPU
		{5C196EF0-0194-4AE7-B1DB-1D377AC8AB29}.Ad-Hoc|iPhoneSimulator.Build.0 = Release|Any CPU
		{5C196EF0-0194-4AE7-B1DB-1D377AC8AB29}.Ad-Hoc|x64.ActiveCfg = Release|Any CPU
		{5C196EF0-0194-4AE7-B1DB-1D377AC8AB29}.Ad-Hoc|x64.Build.0 = Release|Any CPU
		{5C196EF0-0194-4AE7-B1DB-1D377AC8AB29}.Ad-Hoc|x86.ActiveCfg = Release|Any CPU
		{5C196EF0-0194-4AE7-B1DB-1D377AC8AB29}.Ad-Hoc|x86.Build.0 = Release|Any CPU
		{5C196EF0-0194-4AE7-B1DB-1D377AC8AB29}.AppStore|Any CPU.ActiveCfg = Release|Any CPU
		{5C196EF0-0194-4AE7-B1DB-1D377AC8AB29}.AppStore|Any CPU.Build.0 = Release|Any CPU
		{5C196EF0-0194-4AE7-B1DB-1D377AC8AB29}.AppStore|ARM.ActiveCfg = Release|Any CPU
		{5C196EF0-0194-4AE7-B1DB-1D377AC8AB29}.AppStore|ARM.Build.0 = Release|Any CPU
		{5C196EF0-0194-4AE7-B1DB-1D377AC8AB29}.AppStore|iPhone.ActiveCfg = Release|Any CPU
		{5C196EF0-0194-4AE7-B1DB-1D377AC8AB29}.AppStore|iPhone.Build.0 = Release|Any CPU
		{5C196EF0-0194-4AE7-B1DB-1D377AC8AB29}.AppStore|iPhoneSimulator.ActiveCfg = Release|Any CPU
		{5C196EF0-0194-4AE7-B1DB-1D377AC8AB29}.AppStore|iPhoneSimulator.Build.0 = Release|Any CPU
		{5C196EF0-0194-4AE7-B1DB-1D377AC8AB29}.AppStore|x64.ActiveCfg = Release|Any CPU
		{5C196EF0-0194-4AE7-B1DB-1D377AC8AB29}.AppStore|x64.Build.0 = Release|Any CPU
		{5C196EF0-0194-4AE7-B1DB-1D377AC8AB29}.AppStore|x86.ActiveCfg = Release|Any CPU
		{5C196EF0-0194-4AE7-B1DB-1D377AC8AB29}.AppStore|x86.Build.0 = Release|Any CPU
		{5C196EF0-0194-4AE7-B1DB-1D377AC8AB29}.Debug|Any CPU.ActiveCfg = Debug|Any CPU
		{5C196EF0-0194-4AE7-B1DB-1D377AC8AB29}.Debug|Any CPU.Build.0 = Debug|Any CPU
		{5C196EF0-0194-4AE7-B1DB-1D377AC8AB29}.Debug|ARM.ActiveCfg = Debug|Any CPU
		{5C196EF0-0194-4AE7-B1DB-1D377AC8AB29}.Debug|ARM.Build.0 = Debug|Any CPU
		{5C196EF0-0194-4AE7-B1DB-1D377AC8AB29}.Debug|iPhone.ActiveCfg = Debug|Any CPU
		{5C196EF0-0194-4AE7-B1DB-1D377AC8AB29}.Debug|iPhone.Build.0 = Debug|Any CPU
		{5C196EF0-0194-4AE7-B1DB-1D377AC8AB29}.Debug|iPhoneSimulator.ActiveCfg = Debug|Any CPU
		{5C196EF0-0194-4AE7-B1DB-1D377AC8AB29}.Debug|iPhoneSimulator.Build.0 = Debug|Any CPU
		{5C196EF0-0194-4AE7-B1DB-1D377AC8AB29}.Debug|x64.ActiveCfg = Debug|Any CPU
		{5C196EF0-0194-4AE7-B1DB-1D377AC8AB29}.Debug|x64.Build.0 = Debug|Any CPU
		{5C196EF0-0194-4AE7-B1DB-1D377AC8AB29}.Debug|x86.ActiveCfg = Debug|Any CPU
		{5C196EF0-0194-4AE7-B1DB-1D377AC8AB29}.Debug|x86.Build.0 = Debug|Any CPU
		{5C196EF0-0194-4AE7-B1DB-1D377AC8AB29}.Release|Any CPU.ActiveCfg = Release|Any CPU
		{5C196EF0-0194-4AE7-B1DB-1D377AC8AB29}.Release|Any CPU.Build.0 = Release|Any CPU
		{5C196EF0-0194-4AE7-B1DB-1D377AC8AB29}.Release|ARM.ActiveCfg = Release|Any CPU
		{5C196EF0-0194-4AE7-B1DB-1D377AC8AB29}.Release|ARM.Build.0 = Release|Any CPU
		{5C196EF0-0194-4AE7-B1DB-1D377AC8AB29}.Release|iPhone.ActiveCfg = Release|Any CPU
		{5C196EF0-0194-4AE7-B1DB-1D377AC8AB29}.Release|iPhone.Build.0 = Release|Any CPU
		{5C196EF0-0194-4AE7-B1DB-1D377AC8AB29}.Release|iPhoneSimulator.ActiveCfg = Release|Any CPU
		{5C196EF0-0194-4AE7-B1DB-1D377AC8AB29}.Release|iPhoneSimulator.Build.0 = Release|Any CPU
		{5C196EF0-0194-4AE7-B1DB-1D377AC8AB29}.Release|x64.ActiveCfg = Release|Any CPU
		{5C196EF0-0194-4AE7-B1DB-1D377AC8AB29}.Release|x64.Build.0 = Release|Any CPU
		{5C196EF0-0194-4AE7-B1DB-1D377AC8AB29}.Release|x86.ActiveCfg = Release|Any CPU
		{5C196EF0-0194-4AE7-B1DB-1D377AC8AB29}.Release|x86.Build.0 = Release|Any CPU
		{12437F1F-2C22-4057-91DC-55C2FDA0E5C4}.Ad-Hoc|Any CPU.ActiveCfg = Release|Any CPU
		{12437F1F-2C22-4057-91DC-55C2FDA0E5C4}.Ad-Hoc|Any CPU.Build.0 = Release|Any CPU
		{12437F1F-2C22-4057-91DC-55C2FDA0E5C4}.Ad-Hoc|Any CPU.Deploy.0 = Release|Any CPU
		{12437F1F-2C22-4057-91DC-55C2FDA0E5C4}.Ad-Hoc|ARM.ActiveCfg = Release|Any CPU
		{12437F1F-2C22-4057-91DC-55C2FDA0E5C4}.Ad-Hoc|ARM.Build.0 = Release|Any CPU
		{12437F1F-2C22-4057-91DC-55C2FDA0E5C4}.Ad-Hoc|ARM.Deploy.0 = Release|Any CPU
		{12437F1F-2C22-4057-91DC-55C2FDA0E5C4}.Ad-Hoc|iPhone.ActiveCfg = Release|Any CPU
		{12437F1F-2C22-4057-91DC-55C2FDA0E5C4}.Ad-Hoc|iPhone.Build.0 = Release|Any CPU
		{12437F1F-2C22-4057-91DC-55C2FDA0E5C4}.Ad-Hoc|iPhone.Deploy.0 = Release|Any CPU
		{12437F1F-2C22-4057-91DC-55C2FDA0E5C4}.Ad-Hoc|iPhoneSimulator.ActiveCfg = Release|Any CPU
		{12437F1F-2C22-4057-91DC-55C2FDA0E5C4}.Ad-Hoc|iPhoneSimulator.Build.0 = Release|Any CPU
		{12437F1F-2C22-4057-91DC-55C2FDA0E5C4}.Ad-Hoc|iPhoneSimulator.Deploy.0 = Release|Any CPU
		{12437F1F-2C22-4057-91DC-55C2FDA0E5C4}.Ad-Hoc|x64.ActiveCfg = Release|Any CPU
		{12437F1F-2C22-4057-91DC-55C2FDA0E5C4}.Ad-Hoc|x64.Build.0 = Release|Any CPU
		{12437F1F-2C22-4057-91DC-55C2FDA0E5C4}.Ad-Hoc|x64.Deploy.0 = Release|Any CPU
		{12437F1F-2C22-4057-91DC-55C2FDA0E5C4}.Ad-Hoc|x86.ActiveCfg = Release|Any CPU
		{12437F1F-2C22-4057-91DC-55C2FDA0E5C4}.Ad-Hoc|x86.Build.0 = Release|Any CPU
		{12437F1F-2C22-4057-91DC-55C2FDA0E5C4}.Ad-Hoc|x86.Deploy.0 = Release|Any CPU
		{12437F1F-2C22-4057-91DC-55C2FDA0E5C4}.AppStore|Any CPU.ActiveCfg = Release|Any CPU
		{12437F1F-2C22-4057-91DC-55C2FDA0E5C4}.AppStore|Any CPU.Build.0 = Release|Any CPU
		{12437F1F-2C22-4057-91DC-55C2FDA0E5C4}.AppStore|Any CPU.Deploy.0 = Release|Any CPU
		{12437F1F-2C22-4057-91DC-55C2FDA0E5C4}.AppStore|ARM.ActiveCfg = Release|Any CPU
		{12437F1F-2C22-4057-91DC-55C2FDA0E5C4}.AppStore|ARM.Build.0 = Release|Any CPU
		{12437F1F-2C22-4057-91DC-55C2FDA0E5C4}.AppStore|ARM.Deploy.0 = Release|Any CPU
		{12437F1F-2C22-4057-91DC-55C2FDA0E5C4}.AppStore|iPhone.ActiveCfg = Release|Any CPU
		{12437F1F-2C22-4057-91DC-55C2FDA0E5C4}.AppStore|iPhone.Build.0 = Release|Any CPU
		{12437F1F-2C22-4057-91DC-55C2FDA0E5C4}.AppStore|iPhone.Deploy.0 = Release|Any CPU
		{12437F1F-2C22-4057-91DC-55C2FDA0E5C4}.AppStore|iPhoneSimulator.ActiveCfg = Release|Any CPU
		{12437F1F-2C22-4057-91DC-55C2FDA0E5C4}.AppStore|iPhoneSimulator.Build.0 = Release|Any CPU
		{12437F1F-2C22-4057-91DC-55C2FDA0E5C4}.AppStore|iPhoneSimulator.Deploy.0 = Release|Any CPU
		{12437F1F-2C22-4057-91DC-55C2FDA0E5C4}.AppStore|x64.ActiveCfg = Release|Any CPU
		{12437F1F-2C22-4057-91DC-55C2FDA0E5C4}.AppStore|x64.Build.0 = Release|Any CPU
		{12437F1F-2C22-4057-91DC-55C2FDA0E5C4}.AppStore|x64.Deploy.0 = Release|Any CPU
		{12437F1F-2C22-4057-91DC-55C2FDA0E5C4}.AppStore|x86.ActiveCfg = Release|Any CPU
		{12437F1F-2C22-4057-91DC-55C2FDA0E5C4}.AppStore|x86.Build.0 = Release|Any CPU
		{12437F1F-2C22-4057-91DC-55C2FDA0E5C4}.AppStore|x86.Deploy.0 = Release|Any CPU
		{12437F1F-2C22-4057-91DC-55C2FDA0E5C4}.Debug|Any CPU.ActiveCfg = Debug|Any CPU
		{12437F1F-2C22-4057-91DC-55C2FDA0E5C4}.Debug|Any CPU.Build.0 = Debug|Any CPU
		{12437F1F-2C22-4057-91DC-55C2FDA0E5C4}.Debug|Any CPU.Deploy.0 = Debug|Any CPU
		{12437F1F-2C22-4057-91DC-55C2FDA0E5C4}.Debug|ARM.ActiveCfg = Debug|Any CPU
		{12437F1F-2C22-4057-91DC-55C2FDA0E5C4}.Debug|ARM.Build.0 = Debug|Any CPU
		{12437F1F-2C22-4057-91DC-55C2FDA0E5C4}.Debug|ARM.Deploy.0 = Debug|Any CPU
		{12437F1F-2C22-4057-91DC-55C2FDA0E5C4}.Debug|iPhone.ActiveCfg = Debug|Any CPU
		{12437F1F-2C22-4057-91DC-55C2FDA0E5C4}.Debug|iPhone.Build.0 = Debug|Any CPU
		{12437F1F-2C22-4057-91DC-55C2FDA0E5C4}.Debug|iPhone.Deploy.0 = Debug|Any CPU
		{12437F1F-2C22-4057-91DC-55C2FDA0E5C4}.Debug|iPhoneSimulator.ActiveCfg = Debug|Any CPU
		{12437F1F-2C22-4057-91DC-55C2FDA0E5C4}.Debug|iPhoneSimulator.Build.0 = Debug|Any CPU
		{12437F1F-2C22-4057-91DC-55C2FDA0E5C4}.Debug|iPhoneSimulator.Deploy.0 = Debug|Any CPU
		{12437F1F-2C22-4057-91DC-55C2FDA0E5C4}.Debug|x64.ActiveCfg = Debug|Any CPU
		{12437F1F-2C22-4057-91DC-55C2FDA0E5C4}.Debug|x64.Build.0 = Debug|Any CPU
		{12437F1F-2C22-4057-91DC-55C2FDA0E5C4}.Debug|x64.Deploy.0 = Debug|Any CPU
		{12437F1F-2C22-4057-91DC-55C2FDA0E5C4}.Debug|x86.ActiveCfg = Debug|Any CPU
		{12437F1F-2C22-4057-91DC-55C2FDA0E5C4}.Debug|x86.Build.0 = Debug|Any CPU
		{12437F1F-2C22-4057-91DC-55C2FDA0E5C4}.Debug|x86.Deploy.0 = Debug|Any CPU
		{12437F1F-2C22-4057-91DC-55C2FDA0E5C4}.Release|Any CPU.ActiveCfg = Release|Any CPU
		{12437F1F-2C22-4057-91DC-55C2FDA0E5C4}.Release|Any CPU.Build.0 = Release|Any CPU
		{12437F1F-2C22-4057-91DC-55C2FDA0E5C4}.Release|Any CPU.Deploy.0 = Release|Any CPU
		{12437F1F-2C22-4057-91DC-55C2FDA0E5C4}.Release|ARM.ActiveCfg = Release|Any CPU
		{12437F1F-2C22-4057-91DC-55C2FDA0E5C4}.Release|ARM.Build.0 = Release|Any CPU
		{12437F1F-2C22-4057-91DC-55C2FDA0E5C4}.Release|ARM.Deploy.0 = Release|Any CPU
		{12437F1F-2C22-4057-91DC-55C2FDA0E5C4}.Release|iPhone.ActiveCfg = Release|Any CPU
		{12437F1F-2C22-4057-91DC-55C2FDA0E5C4}.Release|iPhone.Build.0 = Release|Any CPU
		{12437F1F-2C22-4057-91DC-55C2FDA0E5C4}.Release|iPhone.Deploy.0 = Release|Any CPU
		{12437F1F-2C22-4057-91DC-55C2FDA0E5C4}.Release|iPhoneSimulator.ActiveCfg = Release|Any CPU
		{12437F1F-2C22-4057-91DC-55C2FDA0E5C4}.Release|iPhoneSimulator.Build.0 = Release|Any CPU
		{12437F1F-2C22-4057-91DC-55C2FDA0E5C4}.Release|iPhoneSimulator.Deploy.0 = Release|Any CPU
		{12437F1F-2C22-4057-91DC-55C2FDA0E5C4}.Release|x64.ActiveCfg = Release|Any CPU
		{12437F1F-2C22-4057-91DC-55C2FDA0E5C4}.Release|x64.Build.0 = Release|Any CPU
		{12437F1F-2C22-4057-91DC-55C2FDA0E5C4}.Release|x64.Deploy.0 = Release|Any CPU
		{12437F1F-2C22-4057-91DC-55C2FDA0E5C4}.Release|x86.ActiveCfg = Release|Any CPU
		{12437F1F-2C22-4057-91DC-55C2FDA0E5C4}.Release|x86.Build.0 = Release|Any CPU
		{12437F1F-2C22-4057-91DC-55C2FDA0E5C4}.Release|x86.Deploy.0 = Release|Any CPU
		{A509F8C6-A714-41FE-B4B3-EF977F0F6317}.Ad-Hoc|Any CPU.ActiveCfg = Ad-Hoc|iPhone
		{A509F8C6-A714-41FE-B4B3-EF977F0F6317}.Ad-Hoc|ARM.ActiveCfg = Ad-Hoc|iPhone
		{A509F8C6-A714-41FE-B4B3-EF977F0F6317}.Ad-Hoc|iPhone.ActiveCfg = Ad-Hoc|iPhone
		{A509F8C6-A714-41FE-B4B3-EF977F0F6317}.Ad-Hoc|iPhone.Build.0 = Ad-Hoc|iPhone
		{A509F8C6-A714-41FE-B4B3-EF977F0F6317}.Ad-Hoc|iPhoneSimulator.ActiveCfg = Ad-Hoc|iPhoneSimulator
		{A509F8C6-A714-41FE-B4B3-EF977F0F6317}.Ad-Hoc|iPhoneSimulator.Build.0 = Ad-Hoc|iPhoneSimulator
		{A509F8C6-A714-41FE-B4B3-EF977F0F6317}.Ad-Hoc|x64.ActiveCfg = Ad-Hoc|iPhone
		{A509F8C6-A714-41FE-B4B3-EF977F0F6317}.Ad-Hoc|x86.ActiveCfg = Ad-Hoc|iPhone
		{A509F8C6-A714-41FE-B4B3-EF977F0F6317}.AppStore|Any CPU.ActiveCfg = AppStore|iPhone
		{A509F8C6-A714-41FE-B4B3-EF977F0F6317}.AppStore|ARM.ActiveCfg = AppStore|iPhone
		{A509F8C6-A714-41FE-B4B3-EF977F0F6317}.AppStore|iPhone.ActiveCfg = AppStore|iPhone
		{A509F8C6-A714-41FE-B4B3-EF977F0F6317}.AppStore|iPhone.Build.0 = AppStore|iPhone
		{A509F8C6-A714-41FE-B4B3-EF977F0F6317}.AppStore|iPhoneSimulator.ActiveCfg = AppStore|iPhoneSimulator
		{A509F8C6-A714-41FE-B4B3-EF977F0F6317}.AppStore|iPhoneSimulator.Build.0 = AppStore|iPhoneSimulator
		{A509F8C6-A714-41FE-B4B3-EF977F0F6317}.AppStore|x64.ActiveCfg = AppStore|iPhone
		{A509F8C6-A714-41FE-B4B3-EF977F0F6317}.AppStore|x86.ActiveCfg = AppStore|iPhone
		{A509F8C6-A714-41FE-B4B3-EF977F0F6317}.Debug|Any CPU.ActiveCfg = Debug|iPhone
		{A509F8C6-A714-41FE-B4B3-EF977F0F6317}.Debug|ARM.ActiveCfg = Debug|iPhone
		{A509F8C6-A714-41FE-B4B3-EF977F0F6317}.Debug|iPhone.ActiveCfg = Debug|iPhone
		{A509F8C6-A714-41FE-B4B3-EF977F0F6317}.Debug|iPhone.Build.0 = Debug|iPhone
		{A509F8C6-A714-41FE-B4B3-EF977F0F6317}.Debug|iPhoneSimulator.ActiveCfg = Debug|iPhoneSimulator
		{A509F8C6-A714-41FE-B4B3-EF977F0F6317}.Debug|iPhoneSimulator.Build.0 = Debug|iPhoneSimulator
		{A509F8C6-A714-41FE-B4B3-EF977F0F6317}.Debug|x64.ActiveCfg = Debug|iPhone
		{A509F8C6-A714-41FE-B4B3-EF977F0F6317}.Debug|x86.ActiveCfg = Debug|iPhone
		{A509F8C6-A714-41FE-B4B3-EF977F0F6317}.Release|Any CPU.ActiveCfg = Release|iPhone
		{A509F8C6-A714-41FE-B4B3-EF977F0F6317}.Release|ARM.ActiveCfg = Release|iPhone
		{A509F8C6-A714-41FE-B4B3-EF977F0F6317}.Release|iPhone.ActiveCfg = Release|iPhone
		{A509F8C6-A714-41FE-B4B3-EF977F0F6317}.Release|iPhone.Build.0 = Release|iPhone
		{A509F8C6-A714-41FE-B4B3-EF977F0F6317}.Release|iPhoneSimulator.ActiveCfg = Release|iPhoneSimulator
		{A509F8C6-A714-41FE-B4B3-EF977F0F6317}.Release|iPhoneSimulator.Build.0 = Release|iPhoneSimulator
		{A509F8C6-A714-41FE-B4B3-EF977F0F6317}.Release|x64.ActiveCfg = Release|iPhone
		{A509F8C6-A714-41FE-B4B3-EF977F0F6317}.Release|x86.ActiveCfg = Release|iPhone
		{1A83252C-390A-4CA6-9B10-483C1F47B2DA}.Ad-Hoc|Any CPU.ActiveCfg = Release|x64
		{1A83252C-390A-4CA6-9B10-483C1F47B2DA}.Ad-Hoc|Any CPU.Build.0 = Release|x64
		{1A83252C-390A-4CA6-9B10-483C1F47B2DA}.Ad-Hoc|Any CPU.Deploy.0 = Release|x64
		{1A83252C-390A-4CA6-9B10-483C1F47B2DA}.Ad-Hoc|ARM.ActiveCfg = Release|ARM
		{1A83252C-390A-4CA6-9B10-483C1F47B2DA}.Ad-Hoc|ARM.Build.0 = Release|ARM
		{1A83252C-390A-4CA6-9B10-483C1F47B2DA}.Ad-Hoc|ARM.Deploy.0 = Release|ARM
		{1A83252C-390A-4CA6-9B10-483C1F47B2DA}.Ad-Hoc|iPhone.ActiveCfg = Release|x64
		{1A83252C-390A-4CA6-9B10-483C1F47B2DA}.Ad-Hoc|iPhone.Build.0 = Release|x64
		{1A83252C-390A-4CA6-9B10-483C1F47B2DA}.Ad-Hoc|iPhone.Deploy.0 = Release|x64
		{1A83252C-390A-4CA6-9B10-483C1F47B2DA}.Ad-Hoc|iPhoneSimulator.ActiveCfg = Release|x64
		{1A83252C-390A-4CA6-9B10-483C1F47B2DA}.Ad-Hoc|iPhoneSimulator.Build.0 = Release|x64
		{1A83252C-390A-4CA6-9B10-483C1F47B2DA}.Ad-Hoc|iPhoneSimulator.Deploy.0 = Release|x64
		{1A83252C-390A-4CA6-9B10-483C1F47B2DA}.Ad-Hoc|x64.ActiveCfg = Release|x64
		{1A83252C-390A-4CA6-9B10-483C1F47B2DA}.Ad-Hoc|x64.Build.0 = Release|x64
		{1A83252C-390A-4CA6-9B10-483C1F47B2DA}.Ad-Hoc|x64.Deploy.0 = Release|x64
		{1A83252C-390A-4CA6-9B10-483C1F47B2DA}.Ad-Hoc|x86.ActiveCfg = Release|x86
		{1A83252C-390A-4CA6-9B10-483C1F47B2DA}.Ad-Hoc|x86.Build.0 = Release|x86
		{1A83252C-390A-4CA6-9B10-483C1F47B2DA}.Ad-Hoc|x86.Deploy.0 = Release|x86
		{1A83252C-390A-4CA6-9B10-483C1F47B2DA}.AppStore|Any CPU.ActiveCfg = Release|x64
		{1A83252C-390A-4CA6-9B10-483C1F47B2DA}.AppStore|Any CPU.Build.0 = Release|x64
		{1A83252C-390A-4CA6-9B10-483C1F47B2DA}.AppStore|Any CPU.Deploy.0 = Release|x64
		{1A83252C-390A-4CA6-9B10-483C1F47B2DA}.AppStore|ARM.ActiveCfg = Release|ARM
		{1A83252C-390A-4CA6-9B10-483C1F47B2DA}.AppStore|ARM.Build.0 = Release|ARM
		{1A83252C-390A-4CA6-9B10-483C1F47B2DA}.AppStore|ARM.Deploy.0 = Release|ARM
		{1A83252C-390A-4CA6-9B10-483C1F47B2DA}.AppStore|iPhone.ActiveCfg = Release|x64
		{1A83252C-390A-4CA6-9B10-483C1F47B2DA}.AppStore|iPhone.Build.0 = Release|x64
		{1A83252C-390A-4CA6-9B10-483C1F47B2DA}.AppStore|iPhone.Deploy.0 = Release|x64
		{1A83252C-390A-4CA6-9B10-483C1F47B2DA}.AppStore|iPhoneSimulator.ActiveCfg = Release|x64
		{1A83252C-390A-4CA6-9B10-483C1F47B2DA}.AppStore|iPhoneSimulator.Build.0 = Release|x64
		{1A83252C-390A-4CA6-9B10-483C1F47B2DA}.AppStore|iPhoneSimulator.Deploy.0 = Release|x64
		{1A83252C-390A-4CA6-9B10-483C1F47B2DA}.AppStore|x64.ActiveCfg = Release|x64
		{1A83252C-390A-4CA6-9B10-483C1F47B2DA}.AppStore|x64.Build.0 = Release|x64
		{1A83252C-390A-4CA6-9B10-483C1F47B2DA}.AppStore|x64.Deploy.0 = Release|x64
		{1A83252C-390A-4CA6-9B10-483C1F47B2DA}.AppStore|x86.ActiveCfg = Release|x86
		{1A83252C-390A-4CA6-9B10-483C1F47B2DA}.AppStore|x86.Build.0 = Release|x86
		{1A83252C-390A-4CA6-9B10-483C1F47B2DA}.AppStore|x86.Deploy.0 = Release|x86
		{1A83252C-390A-4CA6-9B10-483C1F47B2DA}.Debug|Any CPU.ActiveCfg = Debug|x86
		{1A83252C-390A-4CA6-9B10-483C1F47B2DA}.Debug|ARM.ActiveCfg = Debug|ARM
		{1A83252C-390A-4CA6-9B10-483C1F47B2DA}.Debug|ARM.Build.0 = Debug|ARM
		{1A83252C-390A-4CA6-9B10-483C1F47B2DA}.Debug|ARM.Deploy.0 = Debug|ARM
		{1A83252C-390A-4CA6-9B10-483C1F47B2DA}.Debug|iPhone.ActiveCfg = Debug|x86
		{1A83252C-390A-4CA6-9B10-483C1F47B2DA}.Debug|iPhoneSimulator.ActiveCfg = Debug|x86
		{1A83252C-390A-4CA6-9B10-483C1F47B2DA}.Debug|x64.ActiveCfg = Debug|x64
		{1A83252C-390A-4CA6-9B10-483C1F47B2DA}.Debug|x64.Build.0 = Debug|x64
		{1A83252C-390A-4CA6-9B10-483C1F47B2DA}.Debug|x64.Deploy.0 = Debug|x64
		{1A83252C-390A-4CA6-9B10-483C1F47B2DA}.Debug|x86.ActiveCfg = Debug|x86
		{1A83252C-390A-4CA6-9B10-483C1F47B2DA}.Debug|x86.Build.0 = Debug|x86
		{1A83252C-390A-4CA6-9B10-483C1F47B2DA}.Debug|x86.Deploy.0 = Debug|x86
		{1A83252C-390A-4CA6-9B10-483C1F47B2DA}.Release|Any CPU.ActiveCfg = Release|x86
		{1A83252C-390A-4CA6-9B10-483C1F47B2DA}.Release|ARM.ActiveCfg = Release|ARM
		{1A83252C-390A-4CA6-9B10-483C1F47B2DA}.Release|ARM.Build.0 = Release|ARM
		{1A83252C-390A-4CA6-9B10-483C1F47B2DA}.Release|ARM.Deploy.0 = Release|ARM
		{1A83252C-390A-4CA6-9B10-483C1F47B2DA}.Release|iPhone.ActiveCfg = Release|x86
		{1A83252C-390A-4CA6-9B10-483C1F47B2DA}.Release|iPhoneSimulator.ActiveCfg = Release|x86
		{1A83252C-390A-4CA6-9B10-483C1F47B2DA}.Release|x64.ActiveCfg = Release|x64
		{1A83252C-390A-4CA6-9B10-483C1F47B2DA}.Release|x64.Build.0 = Release|x64
		{1A83252C-390A-4CA6-9B10-483C1F47B2DA}.Release|x64.Deploy.0 = Release|x64
		{1A83252C-390A-4CA6-9B10-483C1F47B2DA}.Release|x86.ActiveCfg = Release|x86
		{1A83252C-390A-4CA6-9B10-483C1F47B2DA}.Release|x86.Build.0 = Release|x86
		{1A83252C-390A-4CA6-9B10-483C1F47B2DA}.Release|x86.Deploy.0 = Release|x86
		{9C42D0A7-B10D-4BC4-8CD1-6645379168EC}.Ad-Hoc|Any CPU.ActiveCfg = Release|Any CPU
		{9C42D0A7-B10D-4BC4-8CD1-6645379168EC}.Ad-Hoc|Any CPU.Build.0 = Release|Any CPU
		{9C42D0A7-B10D-4BC4-8CD1-6645379168EC}.Ad-Hoc|ARM.ActiveCfg = Release|Any CPU
		{9C42D0A7-B10D-4BC4-8CD1-6645379168EC}.Ad-Hoc|ARM.Build.0 = Release|Any CPU
		{9C42D0A7-B10D-4BC4-8CD1-6645379168EC}.Ad-Hoc|iPhone.ActiveCfg = Release|Any CPU
		{9C42D0A7-B10D-4BC4-8CD1-6645379168EC}.Ad-Hoc|iPhone.Build.0 = Release|Any CPU
		{9C42D0A7-B10D-4BC4-8CD1-6645379168EC}.Ad-Hoc|iPhoneSimulator.ActiveCfg = Release|Any CPU
		{9C42D0A7-B10D-4BC4-8CD1-6645379168EC}.Ad-Hoc|iPhoneSimulator.Build.0 = Release|Any CPU
		{9C42D0A7-B10D-4BC4-8CD1-6645379168EC}.Ad-Hoc|x64.ActiveCfg = Release|Any CPU
		{9C42D0A7-B10D-4BC4-8CD1-6645379168EC}.Ad-Hoc|x64.Build.0 = Release|Any CPU
		{9C42D0A7-B10D-4BC4-8CD1-6645379168EC}.Ad-Hoc|x86.ActiveCfg = Release|Any CPU
		{9C42D0A7-B10D-4BC4-8CD1-6645379168EC}.Ad-Hoc|x86.Build.0 = Release|Any CPU
		{9C42D0A7-B10D-4BC4-8CD1-6645379168EC}.AppStore|Any CPU.ActiveCfg = Release|Any CPU
		{9C42D0A7-B10D-4BC4-8CD1-6645379168EC}.AppStore|Any CPU.Build.0 = Release|Any CPU
		{9C42D0A7-B10D-4BC4-8CD1-6645379168EC}.AppStore|ARM.ActiveCfg = Release|Any CPU
		{9C42D0A7-B10D-4BC4-8CD1-6645379168EC}.AppStore|ARM.Build.0 = Release|Any CPU
		{9C42D0A7-B10D-4BC4-8CD1-6645379168EC}.AppStore|iPhone.ActiveCfg = Release|Any CPU
		{9C42D0A7-B10D-4BC4-8CD1-6645379168EC}.AppStore|iPhone.Build.0 = Release|Any CPU
		{9C42D0A7-B10D-4BC4-8CD1-6645379168EC}.AppStore|iPhoneSimulator.ActiveCfg = Release|Any CPU
		{9C42D0A7-B10D-4BC4-8CD1-6645379168EC}.AppStore|iPhoneSimulator.Build.0 = Release|Any CPU
		{9C42D0A7-B10D-4BC4-8CD1-6645379168EC}.AppStore|x64.ActiveCfg = Release|Any CPU
		{9C42D0A7-B10D-4BC4-8CD1-6645379168EC}.AppStore|x64.Build.0 = Release|Any CPU
		{9C42D0A7-B10D-4BC4-8CD1-6645379168EC}.AppStore|x86.ActiveCfg = Release|Any CPU
		{9C42D0A7-B10D-4BC4-8CD1-6645379168EC}.AppStore|x86.Build.0 = Release|Any CPU
		{9C42D0A7-B10D-4BC4-8CD1-6645379168EC}.Debug|Any CPU.ActiveCfg = Debug|Any CPU
		{9C42D0A7-B10D-4BC4-8CD1-6645379168EC}.Debug|Any CPU.Build.0 = Debug|Any CPU
		{9C42D0A7-B10D-4BC4-8CD1-6645379168EC}.Debug|ARM.ActiveCfg = Debug|Any CPU
		{9C42D0A7-B10D-4BC4-8CD1-6645379168EC}.Debug|ARM.Build.0 = Debug|Any CPU
		{9C42D0A7-B10D-4BC4-8CD1-6645379168EC}.Debug|iPhone.ActiveCfg = Debug|Any CPU
		{9C42D0A7-B10D-4BC4-8CD1-6645379168EC}.Debug|iPhone.Build.0 = Debug|Any CPU
		{9C42D0A7-B10D-4BC4-8CD1-6645379168EC}.Debug|iPhoneSimulator.ActiveCfg = Debug|Any CPU
		{9C42D0A7-B10D-4BC4-8CD1-6645379168EC}.Debug|iPhoneSimulator.Build.0 = Debug|Any CPU
		{9C42D0A7-B10D-4BC4-8CD1-6645379168EC}.Debug|x64.ActiveCfg = Debug|Any CPU
		{9C42D0A7-B10D-4BC4-8CD1-6645379168EC}.Debug|x64.Build.0 = Debug|Any CPU
		{9C42D0A7-B10D-4BC4-8CD1-6645379168EC}.Debug|x86.ActiveCfg = Debug|Any CPU
		{9C42D0A7-B10D-4BC4-8CD1-6645379168EC}.Debug|x86.Build.0 = Debug|Any CPU
		{9C42D0A7-B10D-4BC4-8CD1-6645379168EC}.Release|Any CPU.ActiveCfg = Release|Any CPU
		{9C42D0A7-B10D-4BC4-8CD1-6645379168EC}.Release|Any CPU.Build.0 = Release|Any CPU
		{9C42D0A7-B10D-4BC4-8CD1-6645379168EC}.Release|ARM.ActiveCfg = Release|Any CPU
		{9C42D0A7-B10D-4BC4-8CD1-6645379168EC}.Release|ARM.Build.0 = Release|Any CPU
		{9C42D0A7-B10D-4BC4-8CD1-6645379168EC}.Release|iPhone.ActiveCfg = Release|Any CPU
		{9C42D0A7-B10D-4BC4-8CD1-6645379168EC}.Release|iPhone.Build.0 = Release|Any CPU
		{9C42D0A7-B10D-4BC4-8CD1-6645379168EC}.Release|iPhoneSimulator.ActiveCfg = Release|Any CPU
		{9C42D0A7-B10D-4BC4-8CD1-6645379168EC}.Release|iPhoneSimulator.Build.0 = Release|Any CPU
		{9C42D0A7-B10D-4BC4-8CD1-6645379168EC}.Release|x64.ActiveCfg = Release|Any CPU
		{9C42D0A7-B10D-4BC4-8CD1-6645379168EC}.Release|x64.Build.0 = Release|Any CPU
		{9C42D0A7-B10D-4BC4-8CD1-6645379168EC}.Release|x86.ActiveCfg = Release|Any CPU
		{9C42D0A7-B10D-4BC4-8CD1-6645379168EC}.Release|x86.Build.0 = Release|Any CPU
	EndGlobalSection
	GlobalSection(SolutionProperties) = preSolution
		HideSolutionNode = FALSE
	EndGlobalSection
	GlobalSection(NestedProjects) = preSolution
		{88C60E74-B9B1-44FF-99D8-359A8EF6EDFF} = {9B7BB945-FE2E-4A15-A482-4A582E191188}
		{F150EEC4-EB90-48B1-A201-242AB80E8A24} = {D4E54C3C-A6A4-406D-B224-E4FEE6F36525}
		{5C196EF0-0194-4AE7-B1DB-1D377AC8AB29} = {8253EF08-5E0D-4CC3-A5DF-C82C98F23CB2}
		{12437F1F-2C22-4057-91DC-55C2FDA0E5C4} = {0E0CCE7D-A927-410F-AE50-EB724338DB53}
		{A509F8C6-A714-41FE-B4B3-EF977F0F6317} = {0E0CCE7D-A927-410F-AE50-EB724338DB53}
		{1A83252C-390A-4CA6-9B10-483C1F47B2DA} = {0E0CCE7D-A927-410F-AE50-EB724338DB53}
		{82C29436-8823-4A51-82DC-A79D04F3A552} = {8348D27D-296B-4311-8BD5-345D10A5B84F}
		{8253EF08-5E0D-4CC3-A5DF-C82C98F23CB2} = {8348D27D-296B-4311-8BD5-345D10A5B84F}
		{0E0CCE7D-A927-410F-AE50-EB724338DB53} = {8348D27D-296B-4311-8BD5-345D10A5B84F}
		{9C42D0A7-B10D-4BC4-8CD1-6645379168EC} = {82C29436-8823-4A51-82DC-A79D04F3A552}
	EndGlobalSection
EndGlobal
